
Microsoft Visual Studio Solution File, Format Version 12.00
# Visual Studio Version 16
VisualStudioVersion = 16.0.29509.3
MinimumVisualStudioVersion = 10.0.40219.1
Project("{FAE04EC0-301F-11D3-BF4B-00C04F79EFBC}") = "ChallengeSDS.ml", "ChallengeSDS.ml\ChallengeSDS.ml.csproj", "{F4E6A110-BFF7-4C82-96E3-E34DE48919DA}"
EndProject
Global
	GlobalSection(SolutionConfigurationPlatforms) = preSolution
		Debug|Any CPU = Debug|Any CPU
		Release|Any CPU = Release|Any CPU
	EndGlobalSection
	GlobalSection(ProjectConfigurationPlatforms) = postSolution
		{F4E6A110-BFF7-4C82-96E3-E34DE48919DA}.Debug|Any CPU.ActiveCfg = Debug|Any CPU
		{F4E6A110-BFF7-4C82-96E3-E34DE48919DA}.Debug|Any CPU.Build.0 = Debug|Any CPU
		{F4E6A110-BFF7-4C82-96E3-E34DE48919DA}.Release|Any CPU.ActiveCfg = Release|Any CPU
		{F4E6A110-BFF7-4C82-96E3-E34DE48919DA}.Release|Any CPU.Build.0 = Release|Any CPU
	EndGlobalSection
	GlobalSection(SolutionProperties) = preSolution
		HideSolutionNode = FALSE
	EndGlobalSection
	GlobalSection(ExtensibilityGlobals) = postSolution
		SolutionGuid = {BD83E71A-43D8-4ACD-BA07-EC442BA52579}
	EndGlobalSection
EndGlobal
